// !$*UTF8*$!
{
	archiveVersion = 1;
	classes = {
	};
	objectVersion = 46;
	objects = {

/* Begin PBXBuildFile section */
		FA1CE6AF1A98DAAC004B9604 /* PlaySoundsViewController.swift in Sources */ = {isa = PBXBuildFile; fileRef = FA1CE6AE1A98DAAC004B9604 /* PlaySoundsViewController.swift */; };
		FA1CE6B41A98E82F004B9604 /* movie_quote.mp3 in Resources */ = {isa = PBXBuildFile; fileRef = FA1CE6B31A98E82F004B9604 /* movie_quote.mp3 */; };
		FA5AF69B1A9AAB53000D5DCA /* Images.xcassets in Resources */ = {isa = PBXBuildFile; fileRef = FA5AF69A1A9AAB53000D5DCA /* Images.xcassets */; };
		FA834E401A8FA33B00FB2C46 /* AppDelegate.swift in Sources */ = {isa = PBXBuildFile; fileRef = FA834E3F1A8FA33B00FB2C46 /* AppDelegate.swift */; };
		FA834E421A8FA33B00FB2C46 /* RecordSoundsViewController.swift in Sources */ = {isa = PBXBuildFile; fileRef = FA834E411A8FA33B00FB2C46 /* RecordSoundsViewController.swift */; };
		FA834E451A8FA33B00FB2C46 /* Main.storyboard in Resources */ = {isa = PBXBuildFile; fileRef = FA834E431A8FA33B00FB2C46 /* Main.storyboard */; };
		FA834E4A1A8FA33B00FB2C46 /* LaunchScreen.xib in Resources */ = {isa = PBXBuildFile; fileRef = FA834E481A8FA33B00FB2C46 /* LaunchScreen.xib */; };
		FA834E561A8FA33B00FB2C46 /* Pitch_PerfectTests.swift in Sources */ = {isa = PBXBuildFile; fileRef = FA834E551A8FA33B00FB2C46 /* Pitch_PerfectTests.swift */; };
		FAB69D681A9926750064BAAC /* RecordedAudio.swift in Sources */ = {isa = PBXBuildFile; fileRef = FAB69D671A9926750064BAAC /* RecordedAudio.swift */; };
/* End PBXBuildFile section */

/* Begin PBXContainerItemProxy section */
		FA834E501A8FA33B00FB2C46 /* PBXContainerItemProxy */ = {
			isa = PBXContainerItemProxy;
			containerPortal = FA834E321A8FA33B00FB2C46 /* Project object */;
			proxyType = 1;
			remoteGlobalIDString = FA834E391A8FA33B00FB2C46;
			remoteInfo = "Pitch Perfect";
		};
/* End PBXContainerItemProxy section */

/* Begin PBXFileReference section */
		FA1CE6AE1A98DAAC004B9604 /* PlaySoundsViewController.swift */ = {isa = PBXFileReference; fileEncoding = 4; lastKnownFileType = sourcecode.swift; path = PlaySoundsViewController.swift; sourceTree = "<group>"; };
		FA1CE6B31A98E82F004B9604 /* movie_quote.mp3 */ = {isa = PBXFileReference; lastKnownFileType = audio.mp3; name = movie_quote.mp3; path = ../movie_quote.mp3; sourceTree = "<group>"; };
		FA5AF69A1A9AAB53000D5DCA /* Images.xcassets */ = {isa = PBXFileReference; lastKnownFileType = folder.assetcatalog; name = Images.xcassets; path = ../Images.xcassets; sourceTree = "<group>"; };
		FA834E3A1A8FA33B00FB2C46 /* Pitch Perfect.app */ = {isa = PBXFileReference; explicitFileType = wrapper.application; includeInIndex = 0; path = "Pitch Perfect.app"; sourceTree = BUILT_PRODUCTS_DIR; };
		FA834E3E1A8FA33B00FB2C46 /* Info.plist */ = {isa = PBXFileReference; lastKnownFileType = text.plist.xml; path = Info.plist; sourceTree = "<group>"; };
		FA834E3F1A8FA33B00FB2C46 /* AppDelegate.swift */ = {isa = PBXFileReference; lastKnownFileType = sourcecode.swift; path = AppDelegate.swift; sourceTree = "<group>"; };
		FA834E411A8FA33B00FB2C46 /* RecordSoundsViewController.swift */ = {isa = PBXFileReference; lastKnownFileType = sourcecode.swift; path = RecordSoundsViewController.swift; sourceTree = "<group>"; };
		FA834E441A8FA33B00FB2C46 /* Base */ = {isa = PBXFileReference; lastKnownFileType = file.storyboard; name = Base; path = Base.lproj/Main.storyboard; sourceTree = "<group>"; };
		FA834E491A8FA33B00FB2C46 /* Base */ = {isa = PBXFileReference; lastKnownFileType = file.xib; name = Base; path = Base.lproj/LaunchScreen.xib; sourceTree = "<group>"; };
		FA834E4F1A8FA33B00FB2C46 /* Pitch PerfectTests.xctest */ = {isa = PBXFileReference; explicitFileType = wrapper.cfbundle; includeInIndex = 0; path = "Pitch PerfectTests.xctest"; sourceTree = BUILT_PRODUCTS_DIR; };
		FA834E541A8FA33B00FB2C46 /* Info.plist */ = {isa = PBXFileReference; lastKnownFileType = text.plist.xml; path = Info.plist; sourceTree = "<group>"; };
		FA834E551A8FA33B00FB2C46 /* Pitch_PerfectTests.swift */ = {isa = PBXFileReference; lastKnownFileType = sourcecode.swift; path = Pitch_PerfectTests.swift; sourceTree = "<group>"; };
		FAB69D671A9926750064BAAC /* RecordedAudio.swift */ = {isa = PBXFileReference; fileEncoding = 4; lastKnownFileType = sourcecode.swift; path = RecordedAudio.swift; sourceTree = "<group>"; };
/* End PBXFileReference section */

/* Begin PBXFrameworksBuildPhase section */
		FA834E371A8FA33B00FB2C46 /* Frameworks */ = {
			isa = PBXFrameworksBuildPhase;
			buildActionMask = 2147483647;
			files = (
			);
			runOnlyForDeploymentPostprocessing = 0;
		};
		FA834E4C1A8FA33B00FB2C46 /* Frameworks */ = {
			isa = PBXFrameworksBuildPhase;
			buildActionMask = 2147483647;
			files = (
			);
			runOnlyForDeploymentPostprocessing = 0;
		};
/* End PBXFrameworksBuildPhase section */

/* Begin PBXGroup section */
		FA834E311A8FA33B00FB2C46 = {
			isa = PBXGroup;
			children = (
				FA834E3C1A8FA33B00FB2C46 /* Pitch Perfect */,
				FA834E521A8FA33B00FB2C46 /* Pitch PerfectTests */,
				FA834E3B1A8FA33B00FB2C46 /* Products */,
			);
			sourceTree = "<group>";
		};
		FA834E3B1A8FA33B00FB2C46 /* Products */ = {
			isa = PBXGroup;
			children = (
				FA834E3A1A8FA33B00FB2C46 /* Pitch Perfect.app */,
				FA834E4F1A8FA33B00FB2C46 /* Pitch PerfectTests.xctest */,
			);
			name = Products;
			sourceTree = "<group>";
		};
		FA834E3C1A8FA33B00FB2C46 /* Pitch Perfect */ = {
			isa = PBXGroup;
			children = (
				FA834E3F1A8FA33B00FB2C46 /* AppDelegate.swift */,
				FA834E411A8FA33B00FB2C46 /* RecordSoundsViewController.swift */,
				FA834E431A8FA33B00FB2C46 /* Main.storyboard */,
				FAB69D671A9926750064BAAC /* RecordedAudio.swift */,
				FA1CE6AE1A98DAAC004B9604 /* PlaySoundsViewController.swift */,
				FA834E481A8FA33B00FB2C46 /* LaunchScreen.xib */,
				FA5AF69A1A9AAB53000D5DCA /* Images.xcassets */,
				FA834E3D1A8FA33B00FB2C46 /* Supporting Files */,
			);
			path = "Pitch Perfect";
			sourceTree = "<group>";
		};
		FA834E3D1A8FA33B00FB2C46 /* Supporting Files */ = {
			isa = PBXGroup;
			children = (
				FA1CE6B31A98E82F004B9604 /* movie_quote.mp3 */,
				FA834E3E1A8FA33B00FB2C46 /* Info.plist */,
			);
			name = "Supporting Files";
			sourceTree = "<group>";
		};
		FA834E521A8FA33B00FB2C46 /* Pitch PerfectTests */ = {
			isa = PBXGroup;
			children = (
				FA834E551A8FA33B00FB2C46 /* Pitch_PerfectTests.swift */,
				FA834E531A8FA33B00FB2C46 /* Supporting Files */,
			);
			path = "Pitch PerfectTests";
			sourceTree = "<group>";
		};
		FA834E531A8FA33B00FB2C46 /* Supporting Files */ = {
			isa = PBXGroup;
			children = (
				FA834E541A8FA33B00FB2C46 /* Info.plist */,
			);
			name = "Supporting Files";
			sourceTree = "<group>";
		};
/* End PBXGroup section */

/* Begin PBXNativeTarget section */
		FA834E391A8FA33B00FB2C46 /* Pitch Perfect */ = {
			isa = PBXNativeTarget;
			buildConfigurationList = FA834E591A8FA33B00FB2C46 /* Build configuration list for PBXNativeTarget "Pitch Perfect" */;
			buildPhases = (
				FA834E361A8FA33B00FB2C46 /* Sources */,
				FA834E371A8FA33B00FB2C46 /* Frameworks */,
				FA834E381A8FA33B00FB2C46 /* Resources */,
			);
			buildRules = (
			);
			dependencies = (
			);
			name = "Pitch Perfect";
			productName = "Pitch Perfect";
			productReference = FA834E3A1A8FA33B00FB2C46 /* Pitch Perfect.app */;
			productType = "com.apple.product-type.application";
		};
		FA834E4E1A8FA33B00FB2C46 /* Pitch PerfectTests */ = {
			isa = PBXNativeTarget;
			buildConfigurationList = FA834E5C1A8FA33B00FB2C46 /* Build configuration list for PBXNativeTarget "Pitch PerfectTests" */;
			buildPhases = (
				FA834E4B1A8FA33B00FB2C46 /* Sources */,
				FA834E4C1A8FA33B00FB2C46 /* Frameworks */,
				FA834E4D1A8FA33B00FB2C46 /* Resources */,
			);
			buildRules = (
			);
			dependencies = (
				FA834E511A8FA33B00FB2C46 /* PBXTargetDependency */,
			);
			name = "Pitch PerfectTests";
			productName = "Pitch PerfectTests";
			productReference = FA834E4F1A8FA33B00FB2C46 /* Pitch PerfectTests.xctest */;
			productType = "com.apple.product-type.bundle.unit-test";
		};
/* End PBXNativeTarget section */

/* Begin PBXProject section */
		FA834E321A8FA33B00FB2C46 /* Project object */ = {
			isa = PBXProject;
			attributes = {
				LastUpgradeCheck = 0610;
				ORGANIZATIONNAME = xaelaex;
				TargetAttributes = {
					FA834E391A8FA33B00FB2C46 = {
						CreatedOnToolsVersion = 6.1.1;
					};
					FA834E4E1A8FA33B00FB2C46 = {
						CreatedOnToolsVersion = 6.1.1;
						TestTargetID = FA834E391A8FA33B00FB2C46;
					};
				};
			};
			buildConfigurationList = FA834E351A8FA33B00FB2C46 /* Build configuration list for PBXProject "Pitch Perfect" */;
			compatibilityVersion = "Xcode 3.2";
			developmentRegion = English;
			hasScannedForEncodings = 0;
			knownRegions = (
				en,
				Base,
			);
			mainGroup = FA834E311A8FA33B00FB2C46;
			productRefGroup = FA834E3B1A8FA33B00FB2C46 /* Products */;
			projectDirPath = "";
			projectRoot = "";
			targets = (
				FA834E391A8FA33B00FB2C46 /* Pitch Perfect */,
				FA834E4E1A8FA33B00FB2C46 /* Pitch PerfectTests */,
			);
		};
/* End PBXProject section */

/* Begin PBXResourcesBuildPhase section */
		FA834E381A8FA33B00FB2C46 /* Resources */ = {
			isa = PBXResourcesBuildPhase;
			buildActionMask = 2147483647;
			files = (
				FA834E451A8FA33B00FB2C46 /* Main.storyboard in Resources */,
				FA5AF69B1A9AAB53000D5DCA /* Images.xcassets in Resources */,
				FA834E4A1A8FA33B00FB2C46 /* LaunchScreen.xib in Resources */,
				FA1CE6B41A98E82F004B9604 /* movie_quote.mp3 in Resources */,
			);
			runOnlyForDeploymentPostprocessing = 0;
		};
		FA834E4D1A8FA33B00FB2C46 /* Resources */ = {
			isa = PBXResourcesBuildPhase;
			buildActionMask = 2147483647;
			files = (
			);
			runOnlyForDeploymentPostprocessing = 0;
		};
/* End PBXResourcesBuildPhase section */

/* Begin PBXSourcesBuildPhase section */
		FA834E361A8FA33B00FB2C46 /* Sources */ = {
			isa = PBXSourcesBuildPhase;
			buildActionMask = 2147483647;
			files = (
				FAB69D681A9926750064BAAC /* RecordedAudio.swift in Sources */,
				FA834E421A8FA33B00FB2C46 /* RecordSoundsViewController.swift in Sources */,
				FA1CE6AF1A98DAAC004B9604 /* PlaySoundsViewController.swift in Sources */,
				FA834E401A8FA33B00FB2C46 /* AppDelegate.swift in Sources */,
			);
			runOnlyForDeploymentPostprocessing = 0;
		};
		FA834E4B1A8FA33B00FB2C46 /* Sources */ = {
			isa = PBXSourcesBuildPhase;
			buildActionMask = 2147483647;
			files = (
				FA834E561A8FA33B00FB2C46 /* Pitch_PerfectTests.swift in Sources */,
			);
			runOnlyForDeploymentPostprocessing = 0;
		};
/* End PBXSourcesBuildPhase section */

/* Begin PBXTargetDependency section */
		FA834E511A8FA33B00FB2C46 /* PBXTargetDependency */ = {
			isa = PBXTargetDependency;
			target = FA834E391A8FA33B00FB2C46 /* Pitch Perfect */;
			targetProxy = FA834E501A8FA33B00FB2C46 /* PBXContainerItemProxy */;
		};
/* End PBXTargetDependency section */

/* Begin PBXVariantGroup section */
		FA834E431A8FA33B00FB2C46 /* Main.storyboard */ = {
			isa = PBXVariantGroup;
			children = (
				FA834E441A8FA33B00FB2C46 /* Base */,
			);
			name = Main.storyboard;
			sourceTree = "<group>";
		};
		FA834E481A8FA33B00FB2C46 /* LaunchScreen.xib */ = {
			isa = PBXVariantGroup;
			children = (
				FA834E491A8FA33B00FB2C46 /* Base */,
			);
			name = LaunchScreen.xib;
			sourceTree = "<group>";
		};
/* End PBXVariantGroup section */

/* Begin XCBuildConfiguration section */
		FA834E571A8FA33B00FB2C46 /* Debug */ = {
			isa = XCBuildConfiguration;
			buildSettings = {
				ALWAYS_SEARCH_USER_PATHS = NO;
				CLANG_CXX_LANGUAGE_STANDARD = "gnu++0x";
				CLANG_CXX_LIBRARY = "libc++";
				CLANG_ENABLE_MODULES = YES;
				CLANG_ENABLE_OBJC_ARC = YES;
				CLANG_WARN_BOOL_CONVERSION = YES;
				CLANG_WARN_CONSTANT_CONVERSION = YES;
				CLANG_WARN_DIRECT_OBJC_ISA_USAGE = YES_ERROR;
				CLANG_WARN_EMPTY_BODY = YES;
				CLANG_WARN_ENUM_CONVERSION = YES;
				CLANG_WARN_INT_CONVERSION = YES;
				CLANG_WARN_OBJC_ROOT_CLASS = YES_ERROR;
				CLANG_WARN_UNREACHABLE_CODE = YES;
				CLANG_WARN__DUPLICATE_METHOD_MATCH = YES;
				"CODE_SIGN_IDENTITY[sdk=iphoneos*]" = "iPhone Developer";
				COPY_PHASE_STRIP = NO;
				ENABLE_STRICT_OBJC_MSGSEND = YES;
				GCC_C_LANGUAGE_STANDARD = gnu99;
				GCC_DYNAMIC_NO_PIC = NO;
				GCC_OPTIMIZATION_LEVEL = 0;
				GCC_PREPROCESSOR_DEFINITIONS = (
					"DEBUG=1",
					"$(inherited)",
				);
				GCC_SYMBOLS_PRIVATE_EXTERN = NO;
				GCC_WARN_64_TO_32_BIT_CONVERSION = YES;
				GCC_WARN_ABOUT_RETURN_TYPE = YES_ERROR;
				GCC_WARN_UNDECLARED_SELECTOR = YES;
				GCC_WARN_UNINITIALIZED_AUTOS = YES_AGGRESSIVE;
				GCC_WARN_UNUSED_FUNCTION = YES;
				GCC_WARN_UNUSED_VARIABLE = YES;
				IPHONEOS_DEPLOYMENT_TARGET = 8.1;
				MTL_ENABLE_DEBUG_INFO = YES;
				ONLY_ACTIVE_ARCH = YES;
				SDKROOT = iphoneos;
				SWIFT_OPTIMIZATION_LEVEL = "-Onone";
			};
			name = Debug;
		};
		FA834E581A8FA33B00FB2C46 /* Release */ = {
			isa = XCBuildConfiguration;
			buildSettings = {
				ALWAYS_SEARCH_USER_PATHS = NO;
				CLANG_CXX_LANGUAGE_STANDARD = "gnu++0x";
				CLANG_CXX_LIBRARY = "libc++";
				CLANG_ENABLE_MODULES = YES;
				CLANG_ENABLE_OBJC_ARC = YES;
				CLANG_WARN_BOOL_CONVERSION = YES;
				CLANG_WARN_CONSTANT_CONVERSION = YES;
				CLANG_WARN_DIRECT_OBJC_ISA_USAGE = YES_ERROR;
				CLANG_WARN_EMPTY_BODY = YES;
				CLANG_WARN_ENUM_CONVERSION = YES;
				CLANG_WARN_INT_CONVERSION = YES;
				CLANG_WARN_OBJC_ROOT_CLASS = YES_ERROR;
				CLANG_WARN_UNREACHABLE_CODE = YES;
				CLANG_WARN__DUPLICATE_METHOD_MATCH = YES;
				"CODE_SIGN_IDENTITY[sdk=iphoneos*]" = "iPhone Developer";
				COPY_PHASE_STRIP = YES;
				ENABLE_NS_ASSERTIONS = NO;
				ENABLE_STRICT_OBJC_MSGSEND = YES;
				GCC_C_LANGUAGE_STANDARD = gnu99;
				GCC_WARN_64_TO_32_BIT_CONVERSION = YES;
				GCC_WARN_ABOUT_RETURN_TYPE = YES_ERROR;
				GCC_WARN_UNDECLARED_SELECTOR = YES;
				GCC_WARN_UNINITIALIZED_AUTOS = YES_AGGRESSIVE;
				GCC_WARN_UNUSED_FUNCTION = YES;
				GCC_WARN_UNUSED_VARIABLE = YES;
				IPHONEOS_DEPLOYMENT_TARGET = 8.1;
				MTL_ENABLE_DEBUG_INFO = NO;
				SDKROOT = iphoneos;
				VALIDATE_PRODUCT = YES;
			};
			name = Release;
		};
		FA834E5A1A8FA33B00FB2C46 /* Debug */ = {
			isa = XCBuildConfiguration;
			buildSettings = {
				ASSETCATALOG_COMPILER_APPICON_NAME = AppIcon;
				ASSETCATALOG_COMPILER_LAUNCHIMAGE_NAME = LaunchImage;
				INFOPLIST_FILE = "Pitch Perfect/Info.plist";
				LD_RUNPATH_SEARCH_PATHS = "$(inherited) @executable_path/Frameworks";
				PRODUCT_NAME = "$(TARGET_NAME)";
			};
			name = Debug;
		};
		FA834E5B1A8FA33B00FB2C46 /* Release */ = {
			isa = XCBuildConfiguration;
			buildSettings = {
				ASSETCATALOG_COMPILER_APPICON_NAME = AppIcon;
				ASSETCATALOG_COMPILER_LAUNCHIMAGE_NAME = LaunchImage;
				INFOPLIST_FILE = "Pitch Perfect/Info.plist";
				LD_RUNPATH_SEARCH_PATHS = "$(inherited) @executable_path/Frameworks";
				PRODUCT_NAME = "$(TARGET_NAME)";
			};
			name = Release;
		};
		FA834E5D1A8FA33B00FB2C46 /* Debug */ = {
			isa = XCBuildConfiguration;
			buildSettings = {
				BUNDLE_LOADER = "$(TEST_HOST)";
				FRAMEWORK_SEARCH_PATHS = (
					"$(SDKROOT)/Developer/Library/Frameworks",
					"$(inherited)",
				);
				GCC_PREPROCESSOR_DEFINITIONS = (
					"DEBUG=1",
					"$(inherited)",
				);
				INFOPLIST_FILE = "Pitch PerfectTests/Info.plist";
				LD_RUNPATH_SEARCH_PATHS = "$(inherited) @executable_path/Frameworks @loader_path/Frameworks";
				PRODUCT_NAME = "$(TARGET_NAME)";
				TEST_HOST = "$(BUILT_PRODUCTS_DIR)/Pitch Perfect.app/Pitch Perfect";
			};
			name = Debug;
		};
		FA834E5E1A8FA33B00FB2C46 /* Release */ = {
			isa = XCBuildConfiguration;
			buildSettings = {
				BUNDLE_LOADER = "$(TEST_HOST)";
				FRAMEWORK_SEARCH_PATHS = (
					"$(SDKROOT)/Developer/Library/Frameworks",
					"$(inherited)",
				);
				INFOPLIST_FILE = "Pitch PerfectTests/Info.plist";
				LD_RUNPATH_SEARCH_PATHS = "$(inherited) @executable_path/Frameworks @loader_path/Frameworks";
				PRODUCT_NAME = "$(TARGET_NAME)";
				TEST_HOST = "$(BUILT_PRODUCTS_DIR)/Pitch Perfect.app/Pitch Perfect";
			};
			name = Release;
		};
/* End XCBuildConfiguration section */

/* Begin XCConfigurationList section */
		FA834E351A8FA33B00FB2C46 /* Build configuration list for PBXProject "Pitch Perfect" */ = {
			isa = XCConfigurationList;
			buildConfigurations = (
				FA834E571A8FA33B00FB2C46 /* Debug */,
				FA834E581A8FA33B00FB2C46 /* Release */,
			);
			defaultConfigurationIsVisible = 0;
			defaultConfigurationName = Release;
		};
		FA834E591A8FA33B00FB2C46 /* Build configuration list for PBXNativeTarget "Pitch Perfect" */ = {
			isa = XCConfigurationList;
			buildConfigurations = (
				FA834E5A1A8FA33B00FB2C46 /* Debug */,
				FA834E5B1A8FA33B00FB2C46 /* Release */,
			);
			defaultConfigurationIsVisible = 0;
			defaultConfigurationName = Release;
		};
		FA834E5C1A8FA33B00FB2C46 /* Build configuration list for PBXNativeTarget "Pitch PerfectTests" */ = {
			isa = XCConfigurationList;
			buildConfigurations = (
				FA834E5D1A8FA33B00FB2C46 /* Debug */,
				FA834E5E1A8FA33B00FB2C46 /* Release */,
			);
			defaultConfigurationIsVisible = 0;
			defaultConfigurationName = Release;
		};
/* End XCConfigurationList section */
	};
	rootObject = FA834E321A8FA33B00FB2C46 /* Project object */;
}
